
Microsoft Visual Studio Solution File, Format Version 12.00
# Visual Studio Version 16
VisualStudioVersion = 16.0.30114.105
MinimumVisualStudioVersion = 10.0.40219.1
Project("{8BC9CEB8-8B4A-11D0-8D11-00A0C91BC942}") = "HelloWORLD", "HelloWORLD.vcxproj", "{1FD7EAF1-D6BA-4D11-A0D7-6DB739D057CB}"
EndProject
Global
	GlobalSection(SolutionConfigurationPlatforms) = preSolution
		Debug|x64 = Debug|x64
		Debug|x86 = Debug|x86
		Release|x64 = Release|x64
		Release|x86 = Release|x86
	EndGlobalSection
	GlobalSection(ProjectConfigurationPlatforms) = postSolution
		{1FD7EAF1-D6BA-4D11-A0D7-6DB739D057CB}.Debug|x64.ActiveCfg = Debug|x64
		{1FD7EAF1-D6BA-4D11-A0D7-6DB739D057CB}.Debug|x64.Build.0 = Debug|x64
		{1FD7EAF1-D6BA-4D11-A0D7-6DB739D057CB}.Debug|x86.ActiveCfg = Debug|Win32
		{1FD7EAF1-D6BA-4D11-A0D7-6DB739D057CB}.Debug|x86.Build.0 = Debug|Win32
		{1FD7EAF1-D6BA-4D11-A0D7-6DB739D057CB}.Release|x64.ActiveCfg = Release|x64
		{1FD7EAF1-D6BA-4D11-A0D7-6DB739D057CB}.Release|x64.Build.0 = Release|x64
		{1FD7EAF1-D6BA-4D11-A0D7-6DB739D057CB}.Release|x86.ActiveCfg = Release|Win32
		{1FD7EAF1-D6BA-4D11-A0D7-6DB739D057CB}.Release|x86.Build.0 = Release|Win32
	EndGlobalSection
	GlobalSection(SolutionProperties) = preSolution
		HideSolutionNode = FALSE
	EndGlobalSection
	GlobalSection(ExtensibilityGlobals) = postSolution
		SolutionGuid = {65C90DD9-BEC1-42FE-A56E-9056B118835B}
	EndGlobalSection
EndGlobal
